
Microsoft Visual Studio Solution File, Format Version 12.00
# Visual Studio Version 16
VisualStudioVersion = 16.0.29403.142
MinimumVisualStudioVersion = 10.0.40219.1
Project("{FAE04EC0-301F-11D3-BF4B-00C04F79EFBC}") = "DailyCodeChallenges", "DailyCodeChallenges\DailyCodeChallenges.csproj", "{4D9E3495-2FBB-4040-8F42-F0EAEB58494F}"
EndProject
Project("{FAE04EC0-301F-11D3-BF4B-00C04F79EFBC}") = "UnitTestsDailyCode", "UnitTestsDailyCode\UnitTestsDailyCode.csproj", "{FB25D31B-E905-4B56-B2AF-32A484A0DE3D}"
EndProject
Global
	GlobalSection(SolutionConfigurationPlatforms) = preSolution
		Debug|Any CPU = Debug|Any CPU
		Release|Any CPU = Release|Any CPU
	EndGlobalSection
	GlobalSection(ProjectConfigurationPlatforms) = postSolution
		{4D9E3495-2FBB-4040-8F42-F0EAEB58494F}.Debug|Any CPU.ActiveCfg = Debug|Any CPU
		{4D9E3495-2FBB-4040-8F42-F0EAEB58494F}.Debug|Any CPU.Build.0 = Debug|Any CPU
		{4D9E3495-2FBB-4040-8F42-F0EAEB58494F}.Release|Any CPU.ActiveCfg = Release|Any CPU
		{4D9E3495-2FBB-4040-8F42-F0EAEB58494F}.Release|Any CPU.Build.0 = Release|Any CPU
		{FB25D31B-E905-4B56-B2AF-32A484A0DE3D}.Debug|Any CPU.ActiveCfg = Debug|Any CPU
		{FB25D31B-E905-4B56-B2AF-32A484A0DE3D}.Debug|Any CPU.Build.0 = Debug|Any CPU
		{FB25D31B-E905-4B56-B2AF-32A484A0DE3D}.Release|Any CPU.ActiveCfg = Release|Any CPU
		{FB25D31B-E905-4B56-B2AF-32A484A0DE3D}.Release|Any CPU.Build.0 = Release|Any CPU
	EndGlobalSection
	GlobalSection(SolutionProperties) = preSolution
		HideSolutionNode = FALSE
	EndGlobalSection
	GlobalSection(ExtensibilityGlobals) = postSolution
		SolutionGuid = {ABA16EF6-E958-4393-B47A-966D9396B9B6}
	EndGlobalSection
EndGlobal
